{
  "version": 4,
  "terraform_version": "1.11.4",
  "serial": 11,
  "lineage": "4ccfdeae-bcc8-72a5-b160-870ff732ac1a",
  "outputs": {},
  "resources": [
    {
      "mode": "managed",
      "type": "docker_container",
      "name": "docker_ruby",
      "provider": "provider[\"registry.terraform.io/kreuzwerker/docker\"]",
      "instances": [
        {
          "schema_version": 2,
          "attributes": {
            "attach": false,
            "bridge": "",
            "capabilities": [],
            "cgroupns_mode": null,
            "command": [],
            "container_logs": null,
            "container_read_refresh_timeout_milliseconds": 15000,
            "cpu_set": "",
            "cpu_shares": 0,
            "destroy_grace_seconds": null,
            "devices": [],
            "dns": null,
            "dns_opts": null,
            "dns_search": null,
            "domainname": "",
            "entrypoint": [
              "dockerd-entrypoint.sh"
            ],
            "env": [
              "DOCKER_TLS_CERTDIR=/certs"
            ],
            "exit_code": null,
            "gpus": null,
            "group_add": null,
            "healthcheck": null,
            "host": [],
            "hostname": "71f83c279ef8",
            "id": "71f83c279ef832f829380a4f02728f75b87c63b59897ee6aaf22d379b4868575",
            "image": "sha256:0f7ea23310b3fff4bbef36e8b08d5235dffa4d1aef78d84779d009e52daf7199",
            "init": false,
            "ipc_mode": "private",
            "labels": [],
            "log_driver": "json-file",
            "log_opts": null,
            "logs": false,
            "max_retry_count": 0,
            "memory": 0,
            "memory_swap": 0,
            "mounts": [],
            "must_run": true,
            "name": "docker_ruby",
            "network_data": [
              {
                "gateway": "172.19.0.1",
                "global_ipv6_address": "",
                "global_ipv6_prefix_length": 0,
                "ip_address": "172.19.0.2",
                "ip_prefix_length": 16,
                "ipv6_gateway": "",
                "mac_address": "02:42:ac:13:00:02",
                "network_name": "jenkins_net_ruby"
              }
            ],
            "network_mode": "default",
            "networks_advanced": [
              {
                "aliases": [],
                "ipv4_address": "",
                "ipv6_address": "",
                "name": "jenkins_net_ruby"
              }
            ],
            "pid_mode": "",
            "ports": [
              {
                "external": 3000,
                "internal": 3000,
                "ip": "0.0.0.0",
                "protocol": "tcp"
              },
              {
                "external": 5000,
                "internal": 5000,
                "ip": "0.0.0.0",
                "protocol": "tcp"
              }
            ],
            "privileged": true,
            "publish_all_ports": false,
            "read_only": false,
            "remove_volumes": true,
            "restart": "unless-stopped",
            "rm": false,
            "runtime": "runc",
            "security_opts": [
              "label=disable"
            ],
            "shm_size": 64,
            "start": true,
            "stdin_open": false,
            "stop_signal": "",
            "stop_timeout": 0,
            "storage_opts": null,
            "sysctls": null,
            "tmpfs": null,
            "tty": false,
            "ulimit": [],
            "upload": [],
            "user": "",
            "userns_mode": "",
            "volumes": [
              {
                "container_path": "/certs/client",
                "from_container": "",
                "host_path": "",
                "read_only": null,
                "volume_name": "docker_certs_ruby"
              }
            ],
            "wait": false,
            "wait_timeout": 60,
            "working_dir": "/"
          },
          "sensitive_attributes": [],
          "private": "eyJzY2hlbWFfdmVyc2lvbiI6IjIifQ==",
          "dependencies": [
            "docker_network.jenkins_net_ruby",
            "docker_volume.docker_certs_ruby"
          ]
        }
      ]
    },
    {
      "mode": "managed",
      "type": "docker_container",
      "name": "jenkins_ruby",
      "provider": "provider[\"registry.terraform.io/kreuzwerker/docker\"]",
      "instances": [
        {
          "schema_version": 2,
          "attributes": {
            "attach": false,
            "bridge": "",
            "capabilities": [],
            "cgroupns_mode": null,
            "command": [],
            "container_logs": null,
            "container_read_refresh_timeout_milliseconds": 15000,
            "cpu_set": "",
            "cpu_shares": 0,
            "destroy_grace_seconds": null,
            "devices": [],
            "dns": null,
            "dns_opts": null,
            "dns_search": null,
            "domainname": "",
            "entrypoint": [
              "/usr/bin/tini",
              "--",
              "/usr/local/bin/jenkins.sh"
            ],
            "env": [
              "DOCKER_CERT_PATH=/certs/client",
              "DOCKER_HOST=tcp://docker_ruby:2376",
              "DOCKER_TLS_VERIFY=1"
            ],
            "exit_code": null,
            "gpus": null,
            "group_add": null,
            "healthcheck": null,
            "host": [],
            "hostname": "5ac8000ccf97",
            "id": "5ac8000ccf9759e6f1a97a58c6707b2327b13ee2bd09a87b3a4d4ae32ca17d10",
            "image": "sha256:69806cea1989f615e754def68f92929f9ac5b3fef9a8d468e8cea7555d878136",
            "init": false,
            "ipc_mode": "private",
            "labels": [],
            "log_driver": "json-file",
            "log_opts": null,
            "logs": false,
            "max_retry_count": 0,
            "memory": 0,
            "memory_swap": 0,
            "mounts": [],
            "must_run": true,
            "name": "jenkins_ruby",
            "network_data": [
              {
                "gateway": "172.19.0.1",
                "global_ipv6_address": "",
                "global_ipv6_prefix_length": 0,
                "ip_address": "172.19.0.3",
                "ip_prefix_length": 16,
                "ipv6_gateway": "",
                "mac_address": "02:42:ac:13:00:03",
                "network_name": "jenkins_net_ruby"
              }
            ],
            "network_mode": "default",
            "networks_advanced": [
              {
                "aliases": [],
                "ipv4_address": "",
                "ipv6_address": "",
                "name": "jenkins_net_ruby"
              }
            ],
            "pid_mode": "",
            "ports": [
              {
                "external": 8080,
                "internal": 8080,
                "ip": "0.0.0.0",
                "protocol": "tcp"
              },
              {
                "external": 50000,
                "internal": 50000,
                "ip": "0.0.0.0",
                "protocol": "tcp"
              }
            ],
            "privileged": false,
            "publish_all_ports": false,
            "read_only": false,
            "remove_volumes": true,
            "restart": "unless-stopped",
            "rm": false,
            "runtime": "runc",
            "security_opts": [],
            "shm_size": 64,
            "start": true,
            "stdin_open": false,
            "stop_signal": "",
            "stop_timeout": 0,
            "storage_opts": null,
            "sysctls": null,
            "tmpfs": null,
            "tty": false,
            "ulimit": [],
            "upload": [],
            "user": "jenkins",
            "userns_mode": "",
            "volumes": [
              {
                "container_path": "/certs/client",
                "from_container": "",
                "host_path": "",
                "read_only": true,
                "volume_name": "docker_certs_ruby"
              },
              {
                "container_path": "/var/jenkins_home",
                "from_container": "",
                "host_path": "",
                "read_only": null,
                "volume_name": "jenkins_home_ruby"
              }
            ],
            "wait": false,
            "wait_timeout": 60,
            "working_dir": ""
          },
          "sensitive_attributes": [],
          "private": "eyJzY2hlbWFfdmVyc2lvbiI6IjIifQ==",
          "dependencies": [
            "docker_image.jenkins_custom_ruby",
            "docker_network.jenkins_net_ruby",
            "docker_volume.docker_certs_ruby",
            "docker_volume.jenkins_home_ruby"
          ]
        }
      ]
    },
    {
      "mode": "managed",
      "type": "docker_image",
      "name": "jenkins_custom_ruby",
      "provider": "provider[\"registry.terraform.io/kreuzwerker/docker\"]",
      "instances": [
        {
          "schema_version": 0,
          "attributes": {
            "build": [
              {
                "auth_config": [],
                "build_arg": null,
                "build_args": null,
                "build_id": "",
                "cache_from": [],
                "cgroup_parent": "",
                "context": "./.",
                "cpu_period": null,
                "cpu_quota": null,
                "cpu_set_cpus": "",
                "cpu_set_mems": "",
                "cpu_shares": null,
                "dockerfile": "Dockerfile",
                "extra_hosts": [],
                "force_remove": null,
                "isolation": "",
                "label": null,
                "labels": null,
                "memory": null,
                "memory_swap": null,
                "network_mode": "",
                "no_cache": null,
                "platform": "",
                "pull_parent": null,
                "remote_context": "",
                "remove": true,
                "security_opt": [],
                "session_id": "",
                "shm_size": null,
                "squash": null,
                "suppress_output": null,
                "tag": [],
                "target": "",
                "ulimit": [],
                "version": ""
              }
            ],
            "force_remove": null,
            "id": "sha256:69806cea1989f615e754def68f92929f9ac5b3fef9a8d468e8cea7555d878136jenkins-custom-ruby:latest",
            "image_id": "sha256:69806cea1989f615e754def68f92929f9ac5b3fef9a8d468e8cea7555d878136",
            "keep_locally": null,
            "name": "jenkins-custom-ruby:latest",
            "platform": null,
            "pull_triggers": null,
            "repo_digest": "",
            "triggers": null
          },
          "sensitive_attributes": [],
          "private": "bnVsbA=="
        }
      ]
    },
    {
      "mode": "managed",
      "type": "docker_network",
      "name": "jenkins_net_ruby",
      "provider": "provider[\"registry.terraform.io/kreuzwerker/docker\"]",
      "instances": [
        {
          "schema_version": 1,
          "attributes": {
            "attachable": false,
            "check_duplicate": null,
            "driver": "bridge",
            "id": "1d5c19e9a2a4504f5d18883f915a59533f49b7fb2f517c71c6fe3ff79848b979",
            "ingress": false,
            "internal": false,
            "ipam_config": [
              {
                "aux_address": {},
                "gateway": "172.19.0.1",
                "ip_range": "",
                "subnet": "172.19.0.0/16"
              }
            ],
            "ipam_driver": "default",
            "ipam_options": {},
            "ipv6": false,
            "labels": [],
            "name": "jenkins_net_ruby",
            "options": {},
            "scope": "local"
          },
          "sensitive_attributes": [],
          "private": "eyJzY2hlbWFfdmVyc2lvbiI6IjEifQ=="
        }
      ]
    },
    {
      "mode": "managed",
      "type": "docker_volume",
      "name": "docker_certs_ruby",
      "provider": "provider[\"registry.terraform.io/kreuzwerker/docker\"]",
      "instances": [
        {
          "schema_version": 1,
          "attributes": {
            "driver": "local",
            "driver_opts": {},
            "id": "docker_certs_ruby",
            "labels": [],
            "mountpoint": "/var/lib/docker/volumes/docker_certs_ruby/_data",
            "name": "docker_certs_ruby"
          },
          "sensitive_attributes": [],
          "private": "eyJzY2hlbWFfdmVyc2lvbiI6IjEifQ=="
        }
      ]
    },
    {
      "mode": "managed",
      "type": "docker_volume",
      "name": "jenkins_home_ruby",
      "provider": "provider[\"registry.terraform.io/kreuzwerker/docker\"]",
      "instances": [
        {
          "schema_version": 1,
          "attributes": {
            "driver": "local",
            "driver_opts": {},
            "id": "jenkins_home_ruby",
            "labels": [],
            "mountpoint": "/var/lib/docker/volumes/jenkins_home_ruby/_data",
            "name": "jenkins_home_ruby"
          },
          "sensitive_attributes": [],
          "private": "eyJzY2hlbWFfdmVyc2lvbiI6IjEifQ=="
        }
      ]
    }
  ],
  "check_results": null
}
